
Microsoft Visual Studio Solution File, Format Version 12.00
# Visual Studio 15
VisualStudioVersion = 15.0.28307.1500
MinimumVisualStudioVersion = 10.0.40219.1
Project("{8BC9CEB8-8B4A-11D0-8D11-00A0C91BC942}") = "ネバネバーランドボムパーティー", "ネバネバーランドボムパーティー.vcxproj", "{7775763D-824A-4B43-8B01-6D5A63A07DA5}"
EndProject
Global
	GlobalSection(SolutionConfigurationPlatforms) = preSolution
		Debug|x64 = Debug|x64
		Debug|x86 = Debug|x86
		Release|x64 = Release|x64
		Release|x86 = Release|x86
	EndGlobalSection
	GlobalSection(ProjectConfigurationPlatforms) = postSolution
		{7775763D-824A-4B43-8B01-6D5A63A07DA5}.Debug|x64.ActiveCfg = Debug|x64
		{7775763D-824A-4B43-8B01-6D5A63A07DA5}.Debug|x64.Build.0 = Debug|x64
		{7775763D-824A-4B43-8B01-6D5A63A07DA5}.Debug|x86.ActiveCfg = Debug|Win32
		{7775763D-824A-4B43-8B01-6D5A63A07DA5}.Debug|x86.Build.0 = Debug|Win32
		{7775763D-824A-4B43-8B01-6D5A63A07DA5}.Release|x64.ActiveCfg = Release|x64
		{7775763D-824A-4B43-8B01-6D5A63A07DA5}.Release|x64.Build.0 = Release|x64
		{7775763D-824A-4B43-8B01-6D5A63A07DA5}.Release|x86.ActiveCfg = Release|Win32
		{7775763D-824A-4B43-8B01-6D5A63A07DA5}.Release|x86.Build.0 = Release|Win32
	EndGlobalSection
	GlobalSection(SolutionProperties) = preSolution
		HideSolutionNode = FALSE
	EndGlobalSection
	GlobalSection(ExtensibilityGlobals) = postSolution
		SolutionGuid = {D7FA8D5D-9AAA-4E35-B5D2-819D41588E63}
	EndGlobalSection
EndGlobal
